PODS:
  - Flutter (1.0.0)
  - GoogleMaps (9.4.0):
    - GoogleMaps/Maps (= 9.4.0)
  - GoogleMaps/Maps (9.4.0)
  - integration_test (0.0.1):
    - Flutter
  - MapsIndoors (4.12.3)
  - mapsindoors_googlemaps_ios (4.2.5):
    - Flutter
    - MapsIndoorsCodable (= 4.12.3)
    - MapsIndoorsGoogleMaps (= 4.12.3)
  - MapsIndoorsCodable (4.12.3):
    - MapsIndoors (= 4.12.3)
    - MapsIndoorsCore (= 4.12.3)
  - MapsIndoorsCore (4.12.3):
    - MapsIndoors (= 4.12.3)
  - MapsIndoorsGoogleMaps (4.12.3):
    - GoogleMaps (= 9.4.0)
    - MapsIndoorsCore (= 4.12.3)

DEPENDENCIES:
  - Flutter (from `Flutter`)
  - integration_test (from `.symlinks/plugins/integration_test/ios`)
  - mapsindoors_googlemaps_ios (from `.symlinks/plugins/mapsindoors_googlemaps_ios/ios`)

SPEC REPOS:
  trunk:
    - GoogleMaps
    - MapsIndoors
    - MapsIndoorsCodable
    - MapsIndoorsCore
    - MapsIndoorsGoogleMaps

EXTERNAL SOURCES:
  Flutter:
    :path: Flutter
  integration_test:
    :path: ".symlinks/plugins/integration_test/ios"
  mapsindoors_googlemaps_ios:
    :path: ".symlinks/plugins/mapsindoors_googlemaps_ios/ios"

SPEC CHECKSUMS:
  Flutter: e0871f40cf51350855a761d2e70bf5af5b9b5de7
  GoogleMaps: 0608099d4870cac8754bdba9b6953db543432438
  integration_test: 4a889634ef21a45d28d50d622cf412dc6d9f586e
  MapsIndoors: 715b28512a967e1d7eaf31427cf780f1fc454515
  mapsindoors_googlemaps_ios: bd9ec774f093b18a601758fb97a90de5baaeb1c7
  MapsIndoorsCodable: 9b5cf7bbbe2027ac11b96e8c01d8283e14bc1d48
  MapsIndoorsCore: 19ad50651b8cd175889845273d0b3eebd974738c
  MapsIndoorsGoogleMaps: 0d7182db52ee1e5f4d563633505a05b60be1874c

PODFILE CHECKSUM: beaf06cba302755601179c89655cdd6c09c17cf0

COCOAPODS: 1.16.2
